// !$*UTF8*$!
{
	archiveVersion = 1;
	classes = {
	};
	objectVersion = 50;
	objects = {

/* Begin PBXBuildFile section */
		CEC32E9424CC7415002026CE /* AppDelegate.swift in Sources */ = {isa = PBXBuildFile; fileRef = CEC32E9324CC7415002026CE /* AppDelegate.swift */; };
		CEC32E9624CC7415002026CE /* SceneDelegate.swift in Sources */ = {isa = PBXBuildFile; fileRef = CEC32E9524CC7415002026CE /* SceneDelegate.swift */; };
		CEC32E9D24CC741A002026CE /* Assets.xcassets in Resources */ = {isa = PBXBuildFile; fileRef = CEC32E9C24CC741A002026CE /* Assets.xcassets */; };
		CEC32EA024CC741A002026CE /* LaunchScreen.storyboard in Resources */ = {isa = PBXBuildFile; fileRef = CEC32E9E24CC741A002026CE /* LaunchScreen.storyboard */; };
		CEC32EA924CC756F002026CE /* SearchViewController.swift in Sources */ = {isa = PBXBuildFile; fileRef = CEC32EA824CC756F002026CE /* SearchViewController.swift */; };
		CEC32EB024CC78DB002026CE /* SearchController.swift in Sources */ = {isa = PBXBuildFile; fileRef = CEC32EAF24CC78DB002026CE /* SearchController.swift */; };
		CEC32EB324CC7918002026CE /* ProductTableViewCell.swift in Sources */ = {isa = PBXBuildFile; fileRef = CEC32EB224CC7918002026CE /* ProductTableViewCell.swift */; };
		CEC32EB624CC7BB0002026CE /* Product.swift in Sources */ = {isa = PBXBuildFile; fileRef = CEC32EB524CC7BB0002026CE /* Product.swift */; };
/* End PBXBuildFile section */

/* Begin PBXFileReference section */
		CEC32E9024CC7415002026CE /* ShopAppLiverpool.app */ = {isa = PBXFileReference; explicitFileType = wrapper.application; includeInIndex = 0; path = ShopAppLiverpool.app; sourceTree = BUILT_PRODUCTS_DIR; };
		CEC32E9324CC7415002026CE /* AppDelegate.swift */ = {isa = PBXFileReference; lastKnownFileType = sourcecode.swift; path = AppDelegate.swift; sourceTree = "<group>"; };
		CEC32E9524CC7415002026CE /* SceneDelegate.swift */ = {isa = PBXFileReference; lastKnownFileType = sourcecode.swift; path = SceneDelegate.swift; sourceTree = "<group>"; };
		CEC32E9C24CC741A002026CE /* Assets.xcassets */ = {isa = PBXFileReference; lastKnownFileType = folder.assetcatalog; path = Assets.xcassets; sourceTree = "<group>"; };
		CEC32E9F24CC741A002026CE /* Base */ = {isa = PBXFileReference; lastKnownFileType = file.storyboard; name = Base; path = Base.lproj/LaunchScreen.storyboard; sourceTree = "<group>"; };
		CEC32EA124CC741A002026CE /* Info.plist */ = {isa = PBXFileReference; lastKnownFileType = text.plist.xml; path = Info.plist; sourceTree = "<group>"; };
		CEC32EA824CC756F002026CE /* SearchViewController.swift */ = {isa = PBXFileReference; lastKnownFileType = sourcecode.swift; path = SearchViewController.swift; sourceTree = "<group>"; };
		CEC32EAF24CC78DB002026CE /* SearchController.swift */ = {isa = PBXFileReference; lastKnownFileType = sourcecode.swift; path = SearchController.swift; sourceTree = "<group>"; };
		CEC32EB224CC7918002026CE /* ProductTableViewCell.swift */ = {isa = PBXFileReference; lastKnownFileType = sourcecode.swift; path = ProductTableViewCell.swift; sourceTree = "<group>"; };
		CEC32EB524CC7BB0002026CE /* Product.swift */ = {isa = PBXFileReference; lastKnownFileType = sourcecode.swift; path = Product.swift; sourceTree = "<group>"; };
/* End PBXFileReference section */

/* Begin PBXFrameworksBuildPhase section */
		CEC32E8D24CC7415002026CE /* Frameworks */ = {
			isa = PBXFrameworksBuildPhase;
			buildActionMask = 2147483647;
			files = (
			);
			runOnlyForDeploymentPostprocessing = 0;
		};
/* End PBXFrameworksBuildPhase section */

/* Begin PBXGroup section */
		CEC32E8724CC7415002026CE = {
			isa = PBXGroup;
			children = (
				CEC32E9224CC7415002026CE /* ShopAppLiverpool */,
				CEC32E9124CC7415002026CE /* Products */,
			);
			sourceTree = "<group>";
		};
		CEC32E9124CC7415002026CE /* Products */ = {
			isa = PBXGroup;
			children = (
				CEC32E9024CC7415002026CE /* ShopAppLiverpool.app */,
			);
			name = Products;
			sourceTree = "<group>";
		};
		CEC32E9224CC7415002026CE /* ShopAppLiverpool */ = {
			isa = PBXGroup;
			children = (
				CEC32EB424CC7B9A002026CE /* Models */,
				CEC32EB124CC7903002026CE /* ReusableCells */,
				CEC32EAE24CC78C0002026CE /* Controllers */,
				CEC32EAD24CC78B9002026CE /* Views */,
				CEC32E9324CC7415002026CE /* AppDelegate.swift */,
				CEC32E9524CC7415002026CE /* SceneDelegate.swift */,
				CEC32E9C24CC741A002026CE /* Assets.xcassets */,
				CEC32E9E24CC741A002026CE /* LaunchScreen.storyboard */,
				CEC32EA124CC741A002026CE /* Info.plist */,
			);
			path = ShopAppLiverpool;
			sourceTree = "<group>";
		};
		CEC32EAD24CC78B9002026CE /* Views */ = {
			isa = PBXGroup;
			children = (
				CEC32EA824CC756F002026CE /* SearchViewController.swift */,
			);
			path = Views;
			sourceTree = "<group>";
		};
		CEC32EAE24CC78C0002026CE /* Controllers */ = {
			isa = PBXGroup;
			children = (
				CEC32EAF24CC78DB002026CE /* SearchController.swift */,
			);
			path = Controllers;
			sourceTree = "<group>";
		};
		CEC32EB124CC7903002026CE /* ReusableCells */ = {
			isa = PBXGroup;
			children = (
				CEC32EB224CC7918002026CE /* ProductTableViewCell.swift */,
			);
			path = ReusableCells;
			sourceTree = "<group>";
		};
		CEC32EB424CC7B9A002026CE /* Models */ = {
			isa = PBXGroup;
			children = (
				CEC32EB524CC7BB0002026CE /* Product.swift */,
			);
			path = Models;
			sourceTree = "<group>";
		};
/* End PBXGroup section */

/* Begin PBXNativeTarget section */
		CEC32E8F24CC7415002026CE /* ShopAppLiverpool */ = {
			isa = PBXNativeTarget;
			buildConfigurationList = CEC32EA424CC741A002026CE /* Build configuration list for PBXNativeTarget "ShopAppLiverpool" */;
			buildPhases = (
				CEC32E8C24CC7415002026CE /* Sources */,
				CEC32E8D24CC7415002026CE /* Frameworks */,
				CEC32E8E24CC7415002026CE /* Resources */,
			);
			buildRules = (
			);
			dependencies = (
			);
			name = ShopAppLiverpool;
			productName = ShopAppLiverpool;
			productReference = CEC32E9024CC7415002026CE /* ShopAppLiverpool.app */;
			productType = "com.apple.product-type.application";
		};
/* End PBXNativeTarget section */

/* Begin PBXProject section */
		CEC32E8824CC7415002026CE /* Project object */ = {
			isa = PBXProject;
			attributes = {
				LastSwiftUpdateCheck = 1140;
				LastUpgradeCheck = 1140;
				ORGANIZATIONNAME = com.gastandoTenis.ShopAppLiverpool;
				TargetAttributes = {
					CEC32E8F24CC7415002026CE = {
						CreatedOnToolsVersion = 11.4;
					};
				};
			};
			buildConfigurationList = CEC32E8B24CC7415002026CE /* Build configuration list for PBXProject "ShopAppLiverpool" */;
			compatibilityVersion = "Xcode 9.3";
			developmentRegion = en;
			hasScannedForEncodings = 0;
			knownRegions = (
				en,
				Base,
			);
			mainGroup = CEC32E8724CC7415002026CE;
			productRefGroup = CEC32E9124CC7415002026CE /* Products */;
			projectDirPath = "";
			projectRoot = "";
			targets = (
				CEC32E8F24CC7415002026CE /* ShopAppLiverpool */,
			);
		};
/* End PBXProject section */

/* Begin PBXResourcesBuildPhase section */
		CEC32E8E24CC7415002026CE /* Resources */ = {
			isa = PBXResourcesBuildPhase;
			buildActionMask = 2147483647;
			files = (
				CEC32EA024CC741A002026CE /* LaunchScreen.storyboard in Resources */,
				CEC32E9D24CC741A002026CE /* Assets.xcassets in Resources */,
			);
			runOnlyForDeploymentPostprocessing = 0;
		};
/* End PBXResourcesBuildPhase section */

/* Begin PBXSourcesBuildPhase section */
		CEC32E8C24CC7415002026CE /* Sources */ = {
			isa = PBXSourcesBuildPhase;
			buildActionMask = 2147483647;
			files = (
				CEC32E9424CC7415002026CE /* AppDelegate.swift in Sources */,
				CEC32EA924CC756F002026CE /* SearchViewController.swift in Sources */,
				CEC32EB324CC7918002026CE /* ProductTableViewCell.swift in Sources */,
				CEC32E9624CC7415002026CE /* SceneDelegate.swift in Sources */,
				CEC32EB024CC78DB002026CE /* SearchController.swift in Sources */,
				CEC32EB624CC7BB0002026CE /* Product.swift in Sources */,
			);
			runOnlyForDeploymentPostprocessing = 0;
		};
/* End PBXSourcesBuildPhase section */

/* Begin PBXVariantGroup section */
		CEC32E9E24CC741A002026CE /* LaunchScreen.storyboard */ = {
			isa = PBXVariantGroup;
			children = (
				CEC32E9F24CC741A002026CE /* Base */,
			);
			name = LaunchScreen.storyboard;
			sourceTree = "<group>";
		};
/* End PBXVariantGroup section */

/* Begin XCBuildConfiguration section */
		CEC32EA224CC741A002026CE /* Debug */ = {
			isa = XCBuildConfiguration;
			buildSettings = {
				ALWAYS_SEARCH_USER_PATHS = NO;
				CLANG_ANALYZER_NONNULL = YES;
				CLANG_ANALYZER_NUMBER_OBJECT_CONVERSION = YES_AGGRESSIVE;
				CLANG_CXX_LANGUAGE_STANDARD = "gnu++14";
				CLANG_CXX_LIBRARY = "libc++";
				CLANG_ENABLE_MODULES = YES;
				CLANG_ENABLE_OBJC_ARC = YES;
				CLANG_ENABLE_OBJC_WEAK = YES;
				CLANG_WARN_BLOCK_CAPTURE_AUTORELEASING = YES;
				CLANG_WARN_BOOL_CONVERSION = YES;
				CLANG_WARN_COMMA = YES;
				CLANG_WARN_CONSTANT_CONVERSION = YES;
				CLANG_WARN_DEPRECATED_OBJC_IMPLEMENTATIONS = YES;
				CLANG_WARN_DIRECT_OBJC_ISA_USAGE = YES_ERROR;
				CLANG_WARN_DOCUMENTATION_COMMENTS = YES;
				CLANG_WARN_EMPTY_BODY = YES;
				CLANG_WARN_ENUM_CONVERSION = YES;
				CLANG_WARN_INFINITE_RECURSION = YES;
				CLANG_WARN_INT_CONVERSION = YES;
				CLANG_WARN_NON_LITERAL_NULL_CONVERSION = YES;
				CLANG_WARN_OBJC_IMPLICIT_RETAIN_SELF = YES;
				CLANG_WARN_OBJC_LITERAL_CONVERSION = YES;
				CLANG_WARN_OBJC_ROOT_CLASS = YES_ERROR;
				CLANG_WARN_RANGE_LOOP_ANALYSIS = YES;
				CLANG_WARN_STRICT_PROTOTYPES = YES;
				CLANG_WARN_SUSPICIOUS_MOVE = YES;
				CLANG_WARN_UNGUARDED_AVAILABILITY = YES_AGGRESSIVE;
				CLANG_WARN_UNREACHABLE_CODE = YES;
				CLANG_WARN__DUPLICATE_METHOD_MATCH = YES;
				COPY_PHASE_STRIP = NO;
				DEBUG_INFORMATION_FORMAT = dwarf;
				ENABLE_STRICT_OBJC_MSGSEND = YES;
				ENABLE_TESTABILITY = YES;
				GCC_C_LANGUAGE_STANDARD = gnu11;
				GCC_DYNAMIC_NO_PIC = NO;
				GCC_NO_COMMON_BLOCKS = YES;
				GCC_OPTIMIZATION_LEVEL = 0;
				GCC_PREPROCESSOR_DEFINITIONS = (
					"DEBUG=1",
					"$(inherited)",
				);
				GCC_WARN_64_TO_32_BIT_CONVERSION = YES;
				GCC_WARN_ABOUT_RETURN_TYPE = YES_ERROR;
				GCC_WARN_UNDECLARED_SELECTOR = YES;
				GCC_WARN_UNINITIALIZED_AUTOS = YES_AGGRESSIVE;
				GCC_WARN_UNUSED_FUNCTION = YES;
				GCC_WARN_UNUSED_VARIABLE = YES;
				IPHONEOS_DEPLOYMENT_TARGET = 13.4;
				MTL_ENABLE_DEBUG_INFO = INCLUDE_SOURCE;
				MTL_FAST_MATH = YES;
				ONLY_ACTIVE_ARCH = YES;
				SDKROOT = iphoneos;
				SWIFT_ACTIVE_COMPILATION_CONDITIONS = DEBUG;
				SWIFT_OPTIMIZATION_LEVEL = "-Onone";
			};
			name = Debug;
		};
		CEC32EA324CC741A002026CE /* Release */ = {
			isa = XCBuildConfiguration;
			buildSettings = {
				ALWAYS_SEARCH_USER_PATHS = NO;
				CLANG_ANALYZER_NONNULL = YES;
				CLANG_ANALYZER_NUMBER_OBJECT_CONVERSION = YES_AGGRESSIVE;
				CLANG_CXX_LANGUAGE_STANDARD = "gnu++14";
				CLANG_CXX_LIBRARY = "libc++";
				CLANG_ENABLE_MODULES = YES;
				CLANG_ENABLE_OBJC_ARC = YES;
				CLANG_ENABLE_OBJC_WEAK = YES;
				CLANG_WARN_BLOCK_CAPTURE_AUTORELEASING = YES;
				CLANG_WARN_BOOL_CONVERSION = YES;
				CLANG_WARN_COMMA = YES;
				CLANG_WARN_CONSTANT_CONVERSION = YES;
				CLANG_WARN_DEPRECATED_OBJC_IMPLEMENTATIONS = YES;
				CLANG_WARN_DIRECT_OBJC_ISA_USAGE = YES_ERROR;
				CLANG_WARN_DOCUMENTATION_COMMENTS = YES;
				CLANG_WARN_EMPTY_BODY = YES;
				CLANG_WARN_ENUM_CONVERSION = YES;
				CLANG_WARN_INFINITE_RECURSION = YES;
				CLANG_WARN_INT_CONVERSION = YES;
				CLANG_WARN_NON_LITERAL_NULL_CONVERSION = YES;
				CLANG_WARN_OBJC_IMPLICIT_RETAIN_SELF = YES;
				CLANG_WARN_OBJC_LITERAL_CONVERSION = YES;
				CLANG_WARN_OBJC_ROOT_CLASS = YES_ERROR;
				CLANG_WARN_RANGE_LOOP_ANALYSIS = YES;
				CLANG_WARN_STRICT_PROTOTYPES = YES;
				CLANG_WARN_SUSPICIOUS_MOVE = YES;
				CLANG_WARN_UNGUARDED_AVAILABILITY = YES_AGGRESSIVE;
				CLANG_WARN_UNREACHABLE_CODE = YES;
				CLANG_WARN__DUPLICATE_METHOD_MATCH = YES;
				COPY_PHASE_STRIP = NO;
				DEBUG_INFORMATION_FORMAT = "dwarf-with-dsym";
				ENABLE_NS_ASSERTIONS = NO;
				ENABLE_STRICT_OBJC_MSGSEND = YES;
				GCC_C_LANGUAGE_STANDARD = gnu11;
				GCC_NO_COMMON_BLOCKS = YES;
				GCC_WARN_64_TO_32_BIT_CONVERSION = YES;
				GCC_WARN_ABOUT_RETURN_TYPE = YES_ERROR;
				GCC_WARN_UNDECLARED_SELECTOR = YES;
				GCC_WARN_UNINITIALIZED_AUTOS = YES_AGGRESSIVE;
				GCC_WARN_UNUSED_FUNCTION = YES;
				GCC_WARN_UNUSED_VARIABLE = YES;
				IPHONEOS_DEPLOYMENT_TARGET = 13.4;
				MTL_ENABLE_DEBUG_INFO = NO;
				MTL_FAST_MATH = YES;
				SDKROOT = iphoneos;
				SWIFT_COMPILATION_MODE = wholemodule;
				SWIFT_OPTIMIZATION_LEVEL = "-O";
				VALIDATE_PRODUCT = YES;
			};
			name = Release;
		};
		CEC32EA524CC741A002026CE /* Debug */ = {
			isa = XCBuildConfiguration;
			buildSettings = {
				ASSETCATALOG_COMPILER_APPICON_NAME = AppIcon;
				CODE_SIGN_STYLE = Automatic;
				DEVELOPMENT_TEAM = T94L48M7HD;
				INFOPLIST_FILE = ShopAppLiverpool/Info.plist;
				LD_RUNPATH_SEARCH_PATHS = (
					"$(inherited)",
					"@executable_path/Frameworks",
				);
				PRODUCT_BUNDLE_IDENTIFIER = com.gastandoTenis.ShopAppLiverpool;
				PRODUCT_NAME = "$(TARGET_NAME)";
				SWIFT_VERSION = 5.0;
				TARGETED_DEVICE_FAMILY = "1,2";
			};
			name = Debug;
		};
		CEC32EA624CC741A002026CE /* Release */ = {
			isa = XCBuildConfiguration;
			buildSettings = {
				ASSETCATALOG_COMPILER_APPICON_NAME = AppIcon;
				CODE_SIGN_STYLE = Automatic;
				DEVELOPMENT_TEAM = T94L48M7HD;
				INFOPLIST_FILE = ShopAppLiverpool/Info.plist;
				LD_RUNPATH_SEARCH_PATHS = (
					"$(inherited)",
					"@executable_path/Frameworks",
				);
				PRODUCT_BUNDLE_IDENTIFIER = com.gastandoTenis.ShopAppLiverpool;
				PRODUCT_NAME = "$(TARGET_NAME)";
				SWIFT_VERSION = 5.0;
				TARGETED_DEVICE_FAMILY = "1,2";
			};
			name = Release;
		};
/* End XCBuildConfiguration section */

/* Begin XCConfigurationList section */
		CEC32E8B24CC7415002026CE /* Build configuration list for PBXProject "ShopAppLiverpool" */ = {
			isa = XCConfigurationList;
			buildConfigurations = (
				CEC32EA224CC741A002026CE /* Debug */,
				CEC32EA324CC741A002026CE /* Release */,
			);
			defaultConfigurationIsVisible = 0;
			defaultConfigurationName = Release;
		};
		CEC32EA424CC741A002026CE /* Build configuration list for PBXNativeTarget "ShopAppLiverpool" */ = {
			isa = XCConfigurationList;
			buildConfigurations = (
				CEC32EA524CC741A002026CE /* Debug */,
				CEC32EA624CC741A002026CE /* Release */,
			);
			defaultConfigurationIsVisible = 0;
			defaultConfigurationName = Release;
		};
/* End XCConfigurationList section */
	};
	rootObject = CEC32E8824CC7415002026CE /* Project object */;
}
